
Microsoft Visual Studio Solution File, Format Version 12.00
# Visual Studio Version 17
VisualStudioVersion = 17.6.33723.286
MinimumVisualStudioVersion = 10.0.40219.1
Project("{FAE04EC0-301F-11D3-BF4B-00C04F79EFBC}") = "CEN207-Assessment-2", "CEN207-Assessment-2\CEN207-Assessment-2.csproj", "{44E8D87E-7002-4FB2-A912-2648D87F4A3E}"
EndProject
Global
	GlobalSection(SolutionConfigurationPlatforms) = preSolution
		Debug|Any CPU = Debug|Any CPU
		Release|Any CPU = Release|Any CPU
	EndGlobalSection
	GlobalSection(ProjectConfigurationPlatforms) = postSolution
		{44E8D87E-7002-4FB2-A912-2648D87F4A3E}.Debug|Any CPU.ActiveCfg = Debug|Any CPU
		{44E8D87E-7002-4FB2-A912-2648D87F4A3E}.Debug|Any CPU.Build.0 = Debug|Any CPU
		{44E8D87E-7002-4FB2-A912-2648D87F4A3E}.Release|Any CPU.ActiveCfg = Release|Any CPU
		{44E8D87E-7002-4FB2-A912-2648D87F4A3E}.Release|Any CPU.Build.0 = Release|Any CPU
	EndGlobalSection
	GlobalSection(SolutionProperties) = preSolution
		HideSolutionNode = FALSE
	EndGlobalSection
	GlobalSection(ExtensibilityGlobals) = postSolution
		SolutionGuid = {3FFB1392-156A-4D22-92CF-B5A22EEC6280}
	EndGlobalSection
EndGlobal
